
Microsoft Visual Studio Solution File, Format Version 12.00
# Visual Studio 14
VisualStudioVersion = 14.0.25420.1
MinimumVisualStudioVersion = 10.0.40219.1
Project("{2150E333-8FDC-42A3-9474-1A3956D46DE8}") = "Engine", "Engine", "{53E10988-9A4A-4352-B4E1-D7CD752B7079}"
EndProject
Project("{2150E333-8FDC-42A3-9474-1A3956D46DE8}") = "Games", "Games", "{4C9B0D55-9FB3-4FBE-AC29-D6F94DE39D38}"
EndProject
Project("{8BC9CEB8-8B4A-11D0-8D11-00A0C91BC942}") = "UE4", "Intermediate\ProjectFiles\UE4.vcxproj", "{B43AD8EC-A84E-4882-B93B-2B152C6E7B0C}"
EndProject
Project("{8BC9CEB8-8B4A-11D0-8D11-00A0C91BC942}") = "BuildingEscapes", "Intermediate\ProjectFiles\BuildingEscapes.vcxproj", "{C8276ABB-D7D4-4D01-96CD-405FF50B1B38}"
EndProject
Global
	GlobalSection(SolutionConfigurationPlatforms) = preSolution
		DebugGame Editor|HTML5 = DebugGame Editor|HTML5
		DebugGame Editor|Win32 = DebugGame Editor|Win32
		DebugGame Editor|Win64 = DebugGame Editor|Win64
		DebugGame|HTML5 = DebugGame|HTML5
		DebugGame|Win32 = DebugGame|Win32
		DebugGame|Win64 = DebugGame|Win64
		Development Editor|HTML5 = Development Editor|HTML5
		Development Editor|Win32 = Development Editor|Win32
		Development Editor|Win64 = Development Editor|Win64
		Development|HTML5 = Development|HTML5
		Development|Win32 = Development|Win32
		Development|Win64 = Development|Win64
		Shipping|HTML5 = Shipping|HTML5
		Shipping|Win32 = Shipping|Win32
		Shipping|Win64 = Shipping|Win64
	EndGlobalSection
	GlobalSection(ProjectConfigurationPlatforms) = postSolution
		{B43AD8EC-A84E-4882-B93B-2B152C6E7B0C}.DebugGame Editor|HTML5.ActiveCfg = BuiltWithUnrealBuildTool|Win32
		{B43AD8EC-A84E-4882-B93B-2B152C6E7B0C}.DebugGame Editor|HTML5.Build.0 = BuiltWithUnrealBuildTool|Win32
		{B43AD8EC-A84E-4882-B93B-2B152C6E7B0C}.DebugGame Editor|Win32.ActiveCfg = BuiltWithUnrealBuildTool|Win32
		{B43AD8EC-A84E-4882-B93B-2B152C6E7B0C}.DebugGame Editor|Win32.Build.0 = BuiltWithUnrealBuildTool|Win32
		{B43AD8EC-A84E-4882-B93B-2B152C6E7B0C}.DebugGame Editor|Win64.ActiveCfg = BuiltWithUnrealBuildTool|Win32
		{B43AD8EC-A84E-4882-B93B-2B152C6E7B0C}.DebugGame Editor|Win64.Build.0 = BuiltWithUnrealBuildTool|Win32
		{B43AD8EC-A84E-4882-B93B-2B152C6E7B0C}.DebugGame|HTML5.ActiveCfg = BuiltWithUnrealBuildTool|Win32
		{B43AD8EC-A84E-4882-B93B-2B152C6E7B0C}.DebugGame|HTML5.Build.0 = BuiltWithUnrealBuildTool|Win32
		{B43AD8EC-A84E-4882-B93B-2B152C6E7B0C}.DebugGame|Win32.ActiveCfg = BuiltWithUnrealBuildTool|Win32
		{B43AD8EC-A84E-4882-B93B-2B152C6E7B0C}.DebugGame|Win32.Build.0 = BuiltWithUnrealBuildTool|Win32
		{B43AD8EC-A84E-4882-B93B-2B152C6E7B0C}.DebugGame|Win64.ActiveCfg = BuiltWithUnrealBuildTool|Win32
		{B43AD8EC-A84E-4882-B93B-2B152C6E7B0C}.DebugGame|Win64.Build.0 = BuiltWithUnrealBuildTool|Win32
		{B43AD8EC-A84E-4882-B93B-2B152C6E7B0C}.Development Editor|HTML5.ActiveCfg = BuiltWithUnrealBuildTool|Win32
		{B43AD8EC-A84E-4882-B93B-2B152C6E7B0C}.Development Editor|HTML5.Build.0 = BuiltWithUnrealBuildTool|Win32
		{B43AD8EC-A84E-4882-B93B-2B152C6E7B0C}.Development Editor|Win32.ActiveCfg = BuiltWithUnrealBuildTool|Win32
		{B43AD8EC-A84E-4882-B93B-2B152C6E7B0C}.Development Editor|Win32.Build.0 = BuiltWithUnrealBuildTool|Win32
		{B43AD8EC-A84E-4882-B93B-2B152C6E7B0C}.Development Editor|Win64.ActiveCfg = BuiltWithUnrealBuildTool|Win32
		{B43AD8EC-A84E-4882-B93B-2B152C6E7B0C}.Development Editor|Win64.Build.0 = BuiltWithUnrealBuildTool|Win32
		{B43AD8EC-A84E-4882-B93B-2B152C6E7B0C}.Development|HTML5.ActiveCfg = BuiltWithUnrealBuildTool|Win32
		{B43AD8EC-A84E-4882-B93B-2B152C6E7B0C}.Development|HTML5.Build.0 = BuiltWithUnrealBuildTool|Win32
		{B43AD8EC-A84E-4882-B93B-2B152C6E7B0C}.Development|Win32.ActiveCfg = BuiltWithUnrealBuildTool|Win32
		{B43AD8EC-A84E-4882-B93B-2B152C6E7B0C}.Development|Win32.Build.0 = BuiltWithUnrealBuildTool|Win32
		{B43AD8EC-A84E-4882-B93B-2B152C6E7B0C}.Development|Win64.ActiveCfg = BuiltWithUnrealBuildTool|Win32
		{B43AD8EC-A84E-4882-B93B-2B152C6E7B0C}.Development|Win64.Build.0 = BuiltWithUnrealBuildTool|Win32
		{B43AD8EC-A84E-4882-B93B-2B152C6E7B0C}.Shipping|HTML5.ActiveCfg = BuiltWithUnrealBuildTool|Win32
		{B43AD8EC-A84E-4882-B93B-2B152C6E7B0C}.Shipping|HTML5.Build.0 = BuiltWithUnrealBuildTool|Win32
		{B43AD8EC-A84E-4882-B93B-2B152C6E7B0C}.Shipping|Win32.ActiveCfg = BuiltWithUnrealBuildTool|Win32
		{B43AD8EC-A84E-4882-B93B-2B152C6E7B0C}.Shipping|Win32.Build.0 = BuiltWithUnrealBuildTool|Win32
		{B43AD8EC-A84E-4882-B93B-2B152C6E7B0C}.Shipping|Win64.ActiveCfg = BuiltWithUnrealBuildTool|Win32
		{B43AD8EC-A84E-4882-B93B-2B152C6E7B0C}.Shipping|Win64.Build.0 = BuiltWithUnrealBuildTool|Win32
		{C8276ABB-D7D4-4D01-96CD-405FF50B1B38}.DebugGame Editor|HTML5.ActiveCfg = HTML5_DebugGame_Editor|Win32
		{C8276ABB-D7D4-4D01-96CD-405FF50B1B38}.DebugGame Editor|Win32.ActiveCfg = DebugGame_Editor|Win32
		{C8276ABB-D7D4-4D01-96CD-405FF50B1B38}.DebugGame Editor|Win64.ActiveCfg = DebugGame_Editor|x64
		{C8276ABB-D7D4-4D01-96CD-405FF50B1B38}.DebugGame Editor|Win64.Build.0 = DebugGame_Editor|x64
		{C8276ABB-D7D4-4D01-96CD-405FF50B1B38}.DebugGame|HTML5.ActiveCfg = HTML5_DebugGame_Game|Win32
		{C8276ABB-D7D4-4D01-96CD-405FF50B1B38}.DebugGame|HTML5.Build.0 = HTML5_DebugGame_Game|Win32
		{C8276ABB-D7D4-4D01-96CD-405FF50B1B38}.DebugGame|Win32.ActiveCfg = DebugGame_Game|Win32
		{C8276ABB-D7D4-4D01-96CD-405FF50B1B38}.DebugGame|Win32.Build.0 = DebugGame_Game|Win32
		{C8276ABB-D7D4-4D01-96CD-405FF50B1B38}.DebugGame|Win64.ActiveCfg = DebugGame_Game|x64
		{C8276ABB-D7D4-4D01-96CD-405FF50B1B38}.DebugGame|Win64.Build.0 = DebugGame_Game|x64
		{C8276ABB-D7D4-4D01-96CD-405FF50B1B38}.Development Editor|HTML5.ActiveCfg = HTML5_Development_Editor|Win32
		{C8276ABB-D7D4-4D01-96CD-405FF50B1B38}.Development Editor|Win32.ActiveCfg = Development_Editor|Win32
		{C8276ABB-D7D4-4D01-96CD-405FF50B1B38}.Development Editor|Win64.ActiveCfg = Development_Editor|x64
		{C8276ABB-D7D4-4D01-96CD-405FF50B1B38}.Development Editor|Win64.Build.0 = Development_Editor|x64
		{C8276ABB-D7D4-4D01-96CD-405FF50B1B38}.Development|HTML5.ActiveCfg = HTML5_Development_Game|Win32
		{C8276ABB-D7D4-4D01-96CD-405FF50B1B38}.Development|HTML5.Build.0 = HTML5_Development_Game|Win32
		{C8276ABB-D7D4-4D01-96CD-405FF50B1B38}.Development|Win32.ActiveCfg = Development_Game|Win32
		{C8276ABB-D7D4-4D01-96CD-405FF50B1B38}.Development|Win32.Build.0 = Development_Game|Win32
		{C8276ABB-D7D4-4D01-96CD-405FF50B1B38}.Development|Win64.ActiveCfg = Development_Game|x64
		{C8276ABB-D7D4-4D01-96CD-405FF50B1B38}.Development|Win64.Build.0 = Development_Game|x64
		{C8276ABB-D7D4-4D01-96CD-405FF50B1B38}.Shipping|HTML5.ActiveCfg = HTML5_Shipping_Game|Win32
		{C8276ABB-D7D4-4D01-96CD-405FF50B1B38}.Shipping|HTML5.Build.0 = HTML5_Shipping_Game|Win32
		{C8276ABB-D7D4-4D01-96CD-405FF50B1B38}.Shipping|Win32.ActiveCfg = Shipping_Game|Win32
		{C8276ABB-D7D4-4D01-96CD-405FF50B1B38}.Shipping|Win32.Build.0 = Shipping_Game|Win32
		{C8276ABB-D7D4-4D01-96CD-405FF50B1B38}.Shipping|Win64.ActiveCfg = Shipping_Game|x64
		{C8276ABB-D7D4-4D01-96CD-405FF50B1B38}.Shipping|Win64.Build.0 = Shipping_Game|x64
	EndGlobalSection
	GlobalSection(SolutionProperties) = preSolution
		HideSolutionNode = FALSE
	EndGlobalSection
	GlobalSection(NestedProjects) = preSolution
		{B43AD8EC-A84E-4882-B93B-2B152C6E7B0C} = {53E10988-9A4A-4352-B4E1-D7CD752B7079}
		{C8276ABB-D7D4-4D01-96CD-405FF50B1B38} = {4C9B0D55-9FB3-4FBE-AC29-D6F94DE39D38}
	EndGlobalSection
EndGlobal
